# This file is autogenerated, do not edit; changes may be undone by the next 'dep ensure'.


[[projects]]
  branch = "master"
  digest = "1:0d5e3798bfa2642ac268341c96710b8def1f3cbc3bc803c421d90704d72107d8"
  name = "github.com/google/licenseclassifier"
  packages = [
    ".",
    "internal/sets",
    "stringclassifier",
    "stringclassifier/internal/pq",
    "stringclassifier/searchset",
    "stringclassifier/searchset/tokenizer",
  ]
  pruneopts = "NUT"
  revision = "e979a0b10eebe748549c702a25e997c556349da6"

[[projects]]
  digest = "1:dabd27a263906435d198a5fa9237ff2b14383a1e29964b7006e6dc975134f5e6"
  name = "github.com/knative/test-infra"
  packages = ["tools/dep-collector"]
  pruneopts = "NUT"
  revision = "69af8af1d3fec861ada88efc72409b3467b0588d"

[[projects]]
  digest = "1:d917313f309bda80d27274d53985bc65651f81a5b66b820749ac7f8ef061fd04"
  name = "github.com/sergi/go-diff"
  packages = ["diffmatchpatch"]
  pruneopts = "NUT"
  revision = "1744e2970ca51c86172c8190fadad617561ed6e7"
  version = "v1.0.0"

[[projects]]
  digest = "1:5558ceef0c045f9c8a0c08c6e0de89bb0895b1aad69d9722b3748f003564b8cb"
  name = "github.com/tektoncd/plumbing"
  packages = ["scripts"]
  pruneopts = "UT"
  revision = "a51e87c5261fdb718470c077c155e070aca690a8"

[solve-meta]
  analyzer-name = "dep"
  analyzer-version = 1
  input-imports = [
    "github.com/knative/test-infra/tools/dep-collector",
    "github.com/tektoncd/plumbing/scripts",
  ]
  solver-name = "gps-cdcl"
  solver-version = 1
